
Microsoft Visual Studio Solution File, Format Version 12.00
# Visual Studio 15
VisualStudioVersion = 15.0.28307.271
MinimumVisualStudioVersion = 10.0.40219.1
Project("{FAE04EC0-301F-11D3-BF4B-00C04F79EFBC}") = "BankingMicroservicesApplication", "BankingMicroservicesApplication\BankingMicroservicesApplication.csproj", "{F4227A8C-0454-4136-B473-08C8D998837D}"
EndProject
Global
	GlobalSection(SolutionConfigurationPlatforms) = preSolution
		Debug|Any CPU = Debug|Any CPU
		Release|Any CPU = Release|Any CPU
	EndGlobalSection
	GlobalSection(ProjectConfigurationPlatforms) = postSolution
		{F4227A8C-0454-4136-B473-08C8D998837D}.Debug|Any CPU.ActiveCfg = Debug|Any CPU
		{F4227A8C-0454-4136-B473-08C8D998837D}.Debug|Any CPU.Build.0 = Debug|Any CPU
		{F4227A8C-0454-4136-B473-08C8D998837D}.Release|Any CPU.ActiveCfg = Release|Any CPU
		{F4227A8C-0454-4136-B473-08C8D998837D}.Release|Any CPU.Build.0 = Release|Any CPU
	EndGlobalSection
	GlobalSection(SolutionProperties) = preSolution
		HideSolutionNode = FALSE
	EndGlobalSection
	GlobalSection(ExtensibilityGlobals) = postSolution
		SolutionGuid = {43B3DD1C-4F12-4590-9E1A-AE36CE07006B}
	EndGlobalSection
EndGlobal
